
Microsoft Visual Studio Solution File, Format Version 12.00
# Visual Studio Version 16
VisualStudioVersion = 16.0.31205.134
MinimumVisualStudioVersion = 10.0.40219.1
Project("{FAE04EC0-301F-11D3-BF4B-00C04F79EFBC}") = "Laba 1_C_sharp", "Laba 1_C_sharp\Laba 1_C_sharp.csproj", "{4BBD39F0-03D1-4E44-8CD5-BE560AB51FC7}"
EndProject
Global
	GlobalSection(SolutionConfigurationPlatforms) = preSolution
		Debug|Any CPU = Debug|Any CPU
		Release|Any CPU = Release|Any CPU
	EndGlobalSection
	GlobalSection(ProjectConfigurationPlatforms) = postSolution
		{4BBD39F0-03D1-4E44-8CD5-BE560AB51FC7}.Debug|Any CPU.ActiveCfg = Debug|Any CPU
		{4BBD39F0-03D1-4E44-8CD5-BE560AB51FC7}.Debug|Any CPU.Build.0 = Debug|Any CPU
		{4BBD39F0-03D1-4E44-8CD5-BE560AB51FC7}.Release|Any CPU.ActiveCfg = Release|Any CPU
		{4BBD39F0-03D1-4E44-8CD5-BE560AB51FC7}.Release|Any CPU.Build.0 = Release|Any CPU
	EndGlobalSection
	GlobalSection(SolutionProperties) = preSolution
		HideSolutionNode = FALSE
	EndGlobalSection
	GlobalSection(ExtensibilityGlobals) = postSolution
		SolutionGuid = {4F005EF6-7B91-4AB4-91E4-343B25D90F11}
	EndGlobalSection
EndGlobal
